// !$*UTF8*$!
{
	archiveVersion = 1;
	classes = {
	};
	objectVersion = 77;
	objects = {

/* Begin PBXBuildFile section */
		F431D9A02FDBDD9700C77928 /* DocumentShareExtension.appex in Embed Foundation Extensions */ = {isa = PBXBuildFile; fileRef = F431D9962FDBDD9600C77928 /* DocumentShareExtension.appex */; settings = {ATTRIBUTES = (RemoveHeadersOnCopy, ); }; };
		F431D9AB2FDBE02000C77928 /* AppGroupDBManager.swift in Sources */ = {isa = PBXBuildFile; fileRef = F431D9AA2FDBE02000C77928 /* AppGroupDBManager.swift */; };
		F431D9AC2FDBE02100C77928 /* AppGroupDBManager.swift in Sources */ = {isa = PBXBuildFile; fileRef = F431D9AA2FDBE02000C77928 /* AppGroupDBManager.swift */; };
		F4BE62DA2FDFF1B400E709F3 /* ZipExtraFieldManager.swift in Sources */ = {isa = PBXBuildFile; fileRef = F4BE62DB2FDFF1B400E709F3 /* ZipExtraFieldManager.swift */; };
		F4BE62DC2FDFF1B500E709F3 /* ZipExtraFieldManager.swift in Sources */ = {isa = PBXBuildFile; fileRef = F4BE62DB2FDFF1B400E709F3 /* ZipExtraFieldManager.swift */; };
		F4BE62DD2FDFF1B600E709F3 /* OfficeCryptoVerifier.swift in Sources */ = {isa = PBXBuildFile; fileRef = F4BE62DE2FDFF1B600E709F3 /* OfficeCryptoVerifier.swift */; };
		F4BE62DF2FDFF1B700E709F3 /* OfficeCryptoVerifier.swift in Sources */ = {isa = PBXBuildFile; fileRef = F4BE62DE2FDFF1B600E709F3 /* OfficeCryptoVerifier.swift */; };
		F4C000012FE00000000E709F3 /* UidGenerator.swift in Sources */ = {isa = PBXBuildFile; fileRef = F4C000002FE00000000E709F3 /* UidGenerator.swift */; };
		F4C000022FE0000100E709F3 /* UidGenerator.swift in Sources */ = {isa = PBXBuildFile; fileRef = F4C000002FE00000000E709F3 /* UidGenerator.swift */; };
		F4D1E0002FE0000000E709F3 /* NetworkClient.swift in Sources */ = {isa = PBXBuildFile; fileRef = F4D1E0012FE0000000E709F3 /* NetworkClient.swift */; };
		F4D1E0022FE0000000E709F3 /* NetworkClient.swift in Sources */ = {isa = PBXBuildFile; fileRef = F4D1E0012FE0000000E709F3 /* NetworkClient.swift */; };
		A46408454E5F448DB865C7843130F9F5 /* APIService.swift in Sources */ = {isa = PBXBuildFile; fileRef = A434CB1ADB3D4A68A4EC6C019A76E84B /* APIService.swift */; };
		9F9E3ECC1906424D97780195AC76D198 /* APIService.swift in Sources */ = {isa = PBXBuildFile; fileRef = A434CB1ADB3D4A68A4EC6C019A76E84B /* APIService.swift */; };
		F7512FD9880A4FC0B5FE738D2A904563 /* ECIESEncryptor.swift in Sources */ = {isa = PBXBuildFile; fileRef = 30B3C4488B004252A869689164693D93 /* ECIESEncryptor.swift */; };
		C560791108E64D63A64A1450722D4B4C /* ECIESEncryptor.swift in Sources */ = {isa = PBXBuildFile; fileRef = 30B3C4488B004252A869689164693D93 /* ECIESEncryptor.swift */; };
/* End PBXBuildFile section */

/* Begin PBXContainerItemProxy section */
		F431D99E2FDBDD9700C77928 /* PBXContainerItemProxy */ = {
			isa = PBXContainerItemProxy;
			containerPortal = F431D97C2FDBDD3D00C77928 /* Project object */;
			proxyType = 1;
			remoteGlobalIDString = F431D9952FDBDD9600C77928;
			remoteInfo = DocumentShareExtension;
		};
/* End PBXContainerItemProxy section */

/* Begin PBXCopyFilesBuildPhase section */
		F431D9A52FDBDD9700C77928 /* Embed Foundation Extensions */ = {
			isa = PBXCopyFilesBuildPhase;
			buildActionMask = 2147483647;
			dstPath = "";
			dstSubfolderSpec = 13;
			files = (
				F431D9A02FDBDD9700C77928 /* DocumentShareExtension.appex in Embed Foundation Extensions */,
			);
			name = "Embed Foundation Extensions";
			runOnlyForDeploymentPostprocessing = 0;
		};
/* End PBXCopyFilesBuildPhase section */

/* Begin PBXFileReference section */
		F431D9842FDBDD3D00C77928 /* PasswordManager.app */ = {isa = PBXFileReference; explicitFileType = wrapper.application; includeInIndex = 0; path = PasswordManager.app; sourceTree = BUILT_PRODUCTS_DIR; };
		F431D9962FDBDD9600C77928 /* DocumentShareExtension.appex */ = {isa = PBXFileReference; explicitFileType = "wrapper.app-extension"; includeInIndex = 0; path = DocumentShareExtension.appex; sourceTree = BUILT_PRODUCTS_DIR; };
		F431D9AA2FDBE02000C77928 /* AppGroupDBManager.swift */ = {isa = PBXFileReference; lastKnownFileType = sourcecode.swift; path = AppGroupDBManager.swift; sourceTree = "<group>"; };
		F4BE62DB2FDFF1B400E709F3 /* ZipExtraFieldManager.swift */ = {isa = PBXFileReference; lastKnownFileType = sourcecode.swift; path = ZipExtraFieldManager.swift; sourceTree = "<group>"; };
		F4BE62DE2FDFF1B600E709F3 /* OfficeCryptoVerifier.swift */ = {isa = PBXFileReference; lastKnownFileType = sourcecode.swift; path = OfficeCryptoVerifier.swift; sourceTree = "<group>"; };
		F4C000002FE00000000E709F3 /* UidGenerator.swift */ = {isa = PBXFileReference; lastKnownFileType = sourcecode.swift; path = UidGenerator.swift; sourceTree = "<group>"; };
		F4D1E0012FE0000000E709F3 /* NetworkClient.swift */ = {isa = PBXFileReference; lastKnownFileType = sourcecode.swift; path = NetworkClient.swift; sourceTree = "<group>"; };
		A434CB1ADB3D4A68A4EC6C019A76E84B /* APIService.swift */ = {isa = PBXFileReference; lastKnownFileType = sourcecode.swift; path = APIService.swift; sourceTree = "<group>"; };
		30B3C4488B004252A869689164693D93 /* ECIESEncryptor.swift */ = {isa = PBXFileReference; lastKnownFileType = sourcecode.swift; path = ECIESEncryptor.swift; sourceTree = "<group>"; };
/* End PBXFileReference section */

/* Begin PBXFileSystemSynchronizedBuildFileExceptionSet section */
		F431D9A12FDBDD9700C77928 /* Exceptions for "DocumentShareExtension" folder in "DocumentShareExtension" target */ = {
			isa = PBXFileSystemSynchronizedBuildFileExceptionSet;
			membershipExceptions = (
				Info.plist,
			);
			target = F431D9952FDBDD9600C77928 /* DocumentShareExtension */;
		};
		F4BE62D92FDFF1B300E709F3 /* Exceptions for "PasswordManager" folder in "PasswordManager" target */ = {
			isa = PBXFileSystemSynchronizedBuildFileExceptionSet;
			membershipExceptions = (
				Info.plist,
			);
			target = F431D9832FDBDD3D00C77928 /* PasswordManager */;
		};
/* End PBXFileSystemSynchronizedBuildFileExceptionSet section */

/* Begin PBXFileSystemSynchronizedRootGroup section */
		F431D9862FDBDD3D00C77928 /* PasswordManager */ = {
			isa = PBXFileSystemSynchronizedRootGroup;
			exceptions = (
				F4BE62D92FDFF1B300E709F3 /* Exceptions for "PasswordManager" folder in "PasswordManager" target */,
			);
			path = PasswordManager;
			sourceTree = "<group>";
		};
		F431D9972FDBDD9600C77928 /* DocumentShareExtension */ = {
			isa = PBXFileSystemSynchronizedRootGroup;
			exceptions = (
				F431D9A12FDBDD9700C77928 /* Exceptions for "DocumentShareExtension" folder in "DocumentShareExtension" target */,
			);
			path = DocumentShareExtension;
			sourceTree = "<group>";
		};
/* End PBXFileSystemSynchronizedRootGroup section */

/* Begin PBXFrameworksBuildPhase section */
		F431D9812FDBDD3D00C77928 /* Frameworks */ = {
			isa = PBXFrameworksBuildPhase;
			buildActionMask = 2147483647;
			files = (
			);
			runOnlyForDeploymentPostprocessing = 0;
		};
		F431D9932FDBDD9600C77928 /* Frameworks */ = {
			isa = PBXFrameworksBuildPhase;
			buildActionMask = 2147483647;
			files = (
			);
			runOnlyForDeploymentPostprocessing = 0;
		};
/* End PBXFrameworksBuildPhase section */

/* Begin PBXGroup section */
		F431D97B2FDBDD3D00C77928 = {
			isa = PBXGroup;
			children = (
				F431D9862FDBDD3D00C77928 /* PasswordManager */,
				F431D9972FDBDD9600C77928 /* DocumentShareExtension */,
				F431D9852FDBDD3D00C77928 /* Products */,
				F431D9A92FDBDF3600C77928 /* Shared */,
			);
			sourceTree = "<group>";
		};
		F431D9852FDBDD3D00C77928 /* Products */ = {
			isa = PBXGroup;
			children = (
				F431D9842FDBDD3D00C77928 /* PasswordManager.app */,
				F431D9962FDBDD9600C77928 /* DocumentShareExtension.appex */,
			);
			name = Products;
			sourceTree = "<group>";
		};
		F431D9A92FDBDF3600C77928 /* Shared */ = {
			isa = PBXGroup;
			children = (
				F431D9AA2FDBE02000C77928 /* AppGroupDBManager.swift */,
				F4BE62DB2FDFF1B400E709F3 /* ZipExtraFieldManager.swift */,
				F4BE62DE2FDFF1B600E709F3 /* OfficeCryptoVerifier.swift */,
				F4C000002FE00000000E709F3 /* UidGenerator.swift */,
				F4D1E0012FE0000000E709F3 /* NetworkClient.swift */,
				A434CB1ADB3D4A68A4EC6C019A76E84B /* APIService.swift */,
				30B3C4488B004252A869689164693D93 /* ECIESEncryptor.swift */,
			);
			path = Shared;
			sourceTree = "<group>";
		};
/* End PBXGroup section */

/* Begin PBXNativeTarget section */
		F431D9832FDBDD3D00C77928 /* PasswordManager */ = {
			isa = PBXNativeTarget;
			buildConfigurationList = F431D98F2FDBDD3E00C77928 /* Build configuration list for PBXNativeTarget "PasswordManager" */;
			buildPhases = (
				F431D9802FDBDD3D00C77928 /* Sources */,
				F431D9812FDBDD3D00C77928 /* Frameworks */,
				F431D9822FDBDD3D00C77928 /* Resources */,
				F431D9A52FDBDD9700C77928 /* Embed Foundation Extensions */,
			);
			buildRules = (
			);
			dependencies = (
				F431D99F2FDBDD9700C77928 /* PBXTargetDependency */,
			);
			fileSystemSynchronizedGroups = (
				F431D9862FDBDD3D00C77928 /* PasswordManager */,
			);
			name = PasswordManager;
			packageProductDependencies = (
			);
			productName = PasswordManager;
			productReference = F431D9842FDBDD3D00C77928 /* PasswordManager.app */;
			productType = "com.apple.product-type.application";
		};
		F431D9952FDBDD9600C77928 /* DocumentShareExtension */ = {
			isa = PBXNativeTarget;
			buildConfigurationList = F431D9A22FDBDD9700C77928 /* Build configuration list for PBXNativeTarget "DocumentShareExtension" */;
			buildPhases = (
				F431D9922FDBDD9600C77928 /* Sources */,
				F431D9932FDBDD9600C77928 /* Frameworks */,
				F431D9942FDBDD9600C77928 /* Resources */,
			);
			buildRules = (
			);
			dependencies = (
			);
			fileSystemSynchronizedGroups = (
				F431D9972FDBDD9600C77928 /* DocumentShareExtension */,
			);
			name = DocumentShareExtension;
			packageProductDependencies = (
			);
			productName = DocumentShareExtension;
			productReference = F431D9962FDBDD9600C77928 /* DocumentShareExtension.appex */;
			productType = "com.apple.product-type.app-extension";
		};
/* End PBXNativeTarget section */

/* Begin PBXProject section */
		F431D97C2FDBDD3D00C77928 /* Project object */ = {
			isa = PBXProject;
			attributes = {
				BuildIndependentTargetsInParallel = 1;
				LastSwiftUpdateCheck = 2650;
				LastUpgradeCheck = 2650;
				TargetAttributes = {
					F431D9832FDBDD3D00C77928 = {
						CreatedOnToolsVersion = 26.5;
					};
					F431D9952FDBDD9600C77928 = {
						CreatedOnToolsVersion = 26.5;
					};
				};
			};
			buildConfigurationList = F431D97F2FDBDD3D00C77928 /* Build configuration list for PBXProject "PasswordManager" */;
			developmentRegion = en;
			hasScannedForEncodings = 0;
			knownRegions = (
				en,
				Base,
			);
			mainGroup = F431D97B2FDBDD3D00C77928;
			minimizedProjectReferenceProxies = 1;
			preferredProjectObjectVersion = 77;
			productRefGroup = F431D9852FDBDD3D00C77928 /* Products */;
			projectDirPath = "";
			projectRoot = "";
			targets = (
				F431D9832FDBDD3D00C77928 /* PasswordManager */,
				F431D9952FDBDD9600C77928 /* DocumentShareExtension */,
			);
		};
/* End PBXProject section */

/* Begin PBXResourcesBuildPhase section */
		F431D9822FDBDD3D00C77928 /* Resources */ = {
			isa = PBXResourcesBuildPhase;
			buildActionMask = 2147483647;
			files = (
			);
			runOnlyForDeploymentPostprocessing = 0;
		};
		F431D9942FDBDD9600C77928 /* Resources */ = {
			isa = PBXResourcesBuildPhase;
			buildActionMask = 2147483647;
			files = (
			);
			runOnlyForDeploymentPostprocessing = 0;
		};
/* End PBXResourcesBuildPhase section */

/* Begin PBXSourcesBuildPhase section */
		F431D9802FDBDD3D00C77928 /* Sources */ = {
			isa = PBXSourcesBuildPhase;
			buildActionMask = 2147483647;
			files = (
				F431D9AB2FDBE02000C77928 /* AppGroupDBManager.swift in Sources */,
				F4BE62DA2FDFF1B400E709F3 /* ZipExtraFieldManager.swift in Sources */,
				F4BE62DD2FDFF1B600E709F3 /* OfficeCryptoVerifier.swift in Sources */,
				F4C000012FE00000000E709F3 /* UidGenerator.swift in Sources */,
				F4D1E0002FE0000000E709F3 /* NetworkClient.swift in Sources */,
				A46408454E5F448DB865C7843130F9F5 /* APIService.swift in Sources */,
				F7512FD9880A4FC0B5FE738D2A904563 /* ECIESEncryptor.swift in Sources */,
			);
			runOnlyForDeploymentPostprocessing = 0;
		};
		F431D9922FDBDD9600C77928 /* Sources */ = {
			isa = PBXSourcesBuildPhase;
			buildActionMask = 2147483647;
			files = (
				F431D9AC2FDBE02100C77928 /* AppGroupDBManager.swift in Sources */,
				F4BE62DC2FDFF1B500E709F3 /* ZipExtraFieldManager.swift in Sources */,
				F4BE62DF2FDFF1B700E709F3 /* OfficeCryptoVerifier.swift in Sources */,
				F4C000022FE0000100E709F3 /* UidGenerator.swift in Sources */,
				F4D1E0022FE0000000E709F3 /* NetworkClient.swift in Sources */,
				9F9E3ECC1906424D97780195AC76D198 /* APIService.swift in Sources */,
				C560791108E64D63A64A1450722D4B4C /* ECIESEncryptor.swift in Sources */,
			);
			runOnlyForDeploymentPostprocessing = 0;
		};
/* End PBXSourcesBuildPhase section */

/* Begin PBXTargetDependency section */
		F431D99F2FDBDD9700C77928 /* PBXTargetDependency */ = {
			isa = PBXTargetDependency;
			target = F431D9952FDBDD9600C77928 /* DocumentShareExtension */;
			targetProxy = F431D99E2FDBDD9700C77928 /* PBXContainerItemProxy */;
		};
/* End PBXTargetDependency section */

/* Begin XCBuildConfiguration section */
		F431D98D2FDBDD3E00C77928 /* Debug */ = {
			isa = XCBuildConfiguration;
			buildSettings = {
				ALWAYS_SEARCH_USER_PATHS = NO;
				ASSETCATALOG_COMPILER_GENERATE_SWIFT_ASSET_SYMBOL_EXTENSIONS = YES;
				CLANG_ANALYZER_NONNULL = YES;
				CLANG_ANALYZER_NUMBER_OBJECT_CONVERSION = YES_AGGRESSIVE;
				CLANG_CXX_LANGUAGE_STANDARD = "gnu++20";
				CLANG_ENABLE_MODULES = YES;
				CLANG_ENABLE_OBJC_ARC = YES;
				CLANG_ENABLE_OBJC_WEAK = YES;
				CLANG_WARN_BLOCK_CAPTURE_AUTORELEASING = YES;
				CLANG_WARN_BOOL_CONVERSION = YES;
				CLANG_WARN_COMMA = YES;
				CLANG_WARN_CONSTANT_CONVERSION = YES;
				CLANG_WARN_DEPRECATED_OBJC_IMPLEMENTATIONS = YES;
				CLANG_WARN_DIRECT_OBJC_ISA_USAGE = YES_ERROR;
				CLANG_WARN_DOCUMENTATION_COMMENTS = YES;
				CLANG_WARN_EMPTY_BODY = YES;
				CLANG_WARN_ENUM_CONVERSION = YES;
				CLANG_WARN_INFINITE_RECURSION = YES;
				CLANG_WARN_INT_CONVERSION = YES;
				CLANG_WARN_NON_LITERAL_NULL_CONVERSION = YES;
				CLANG_WARN_OBJC_IMPLICIT_RETAIN_SELF = YES;
				CLANG_WARN_OBJC_LITERAL_CONVERSION = YES;
				CLANG_WARN_OBJC_ROOT_CLASS = YES_ERROR;
				CLANG_WARN_QUOTED_INCLUDE_IN_FRAMEWORK_HEADER = YES;
				CLANG_WARN_RANGE_LOOP_ANALYSIS = YES;
				CLANG_WARN_STRICT_PROTOTYPES = YES;
				CLANG_WARN_SUSPICIOUS_MOVE = YES;
				CLANG_WARN_UNGUARDED_AVAILABILITY = YES_AGGRESSIVE;
				CLANG_WARN_UNREACHABLE_CODE = YES;
				CLANG_WARN__DUPLICATE_METHOD_MATCH = YES;
				COPY_PHASE_STRIP = NO;
				DEBUG_INFORMATION_FORMAT = dwarf;
				DEVELOPMENT_TEAM = GBZWL4972J;
				ENABLE_STRICT_OBJC_MSGSEND = YES;
				ENABLE_TESTABILITY = YES;
				ENABLE_USER_SCRIPT_SANDBOXING = YES;
				GCC_C_LANGUAGE_STANDARD = gnu17;
				GCC_DYNAMIC_NO_PIC = NO;
				GCC_NO_COMMON_BLOCKS = YES;
				GCC_OPTIMIZATION_LEVEL = 0;
				GCC_PREPROCESSOR_DEFINITIONS = (
					"DEBUG=1",
					"$(inherited)",
				);
				GCC_WARN_64_TO_32_BIT_CONVERSION = YES;
				GCC_WARN_ABOUT_RETURN_TYPE = YES_ERROR;
				GCC_WARN_UNDECLARED_SELECTOR = YES;
				GCC_WARN_UNINITIALIZED_AUTOS = YES_AGGRESSIVE;
				GCC_WARN_UNUSED_FUNCTION = YES;
				GCC_WARN_UNUSED_VARIABLE = YES;
				IPHONEOS_DEPLOYMENT_TARGET = 26.5;
				LOCALIZATION_PREFERS_STRING_CATALOGS = YES;
				MTL_ENABLE_DEBUG_INFO = INCLUDE_SOURCE;
				MTL_FAST_MATH = YES;
				ONLY_ACTIVE_ARCH = YES;
				SDKROOT = iphoneos;
				SWIFT_ACTIVE_COMPILATION_CONDITIONS = "DEBUG $(inherited)";
				SWIFT_OPTIMIZATION_LEVEL = "-Onone";
			};
			name = Debug;
		};
		F431D98E2FDBDD3E00C77928 /* Release */ = {
			isa = XCBuildConfiguration;
			buildSettings = {
				ALWAYS_SEARCH_USER_PATHS = NO;
				ASSETCATALOG_COMPILER_GENERATE_SWIFT_ASSET_SYMBOL_EXTENSIONS = YES;
				CLANG_ANALYZER_NONNULL = YES;
				CLANG_ANALYZER_NUMBER_OBJECT_CONVERSION = YES_AGGRESSIVE;
				CLANG_CXX_LANGUAGE_STANDARD = "gnu++20";
				CLANG_ENABLE_MODULES = YES;
				CLANG_ENABLE_OBJC_ARC = YES;
				CLANG_ENABLE_OBJC_WEAK = YES;
				CLANG_WARN_BLOCK_CAPTURE_AUTORELEASING = YES;
				CLANG_WARN_BOOL_CONVERSION = YES;
				CLANG_WARN_COMMA = YES;
				CLANG_WARN_CONSTANT_CONVERSION = YES;
				CLANG_WARN_DEPRECATED_OBJC_IMPLEMENTATIONS = YES;
				CLANG_WARN_DIRECT_OBJC_ISA_USAGE = YES_ERROR;
				CLANG_WARN_DOCUMENTATION_COMMENTS = YES;
				CLANG_WARN_EMPTY_BODY = YES;
				CLANG_WARN_ENUM_CONVERSION = YES;
				CLANG_WARN_INFINITE_RECURSION = YES;
				CLANG_WARN_INT_CONVERSION = YES;
				CLANG_WARN_NON_LITERAL_NULL_CONVERSION = YES;
				CLANG_WARN_OBJC_IMPLICIT_RETAIN_SELF = YES;
				CLANG_WARN_OBJC_LITERAL_CONVERSION = YES;
				CLANG_WARN_OBJC_ROOT_CLASS = YES_ERROR;
				CLANG_WARN_QUOTED_INCLUDE_IN_FRAMEWORK_HEADER = YES;
				CLANG_WARN_RANGE_LOOP_ANALYSIS = YES;
				CLANG_WARN_STRICT_PROTOTYPES = YES;
				CLANG_WARN_SUSPICIOUS_MOVE = YES;
				CLANG_WARN_UNGUARDED_AVAILABILITY = YES_AGGRESSIVE;
				CLANG_WARN_UNREACHABLE_CODE = YES;
				CLANG_WARN__DUPLICATE_METHOD_MATCH = YES;
				COPY_PHASE_STRIP = NO;
				DEBUG_INFORMATION_FORMAT = "dwarf-with-dsym";
				DEVELOPMENT_TEAM = GBZWL4972J;
				ENABLE_NS_ASSERTIONS = NO;
				ENABLE_STRICT_OBJC_MSGSEND = YES;
				ENABLE_USER_SCRIPT_SANDBOXING = YES;
				GCC_C_LANGUAGE_STANDARD = gnu17;
				GCC_NO_COMMON_BLOCKS = YES;
				GCC_WARN_64_TO_32_BIT_CONVERSION = YES;
				GCC_WARN_ABOUT_RETURN_TYPE = YES_ERROR;
				GCC_WARN_UNDECLARED_SELECTOR = YES;
				GCC_WARN_UNINITIALIZED_AUTOS = YES_AGGRESSIVE;
				GCC_WARN_UNUSED_FUNCTION = YES;
				GCC_WARN_UNUSED_VARIABLE = YES;
				IPHONEOS_DEPLOYMENT_TARGET = 26.5;
				LOCALIZATION_PREFERS_STRING_CATALOGS = YES;
				MTL_ENABLE_DEBUG_INFO = NO;
				MTL_FAST_MATH = YES;
				SDKROOT = iphoneos;
				SWIFT_COMPILATION_MODE = wholemodule;
				VALIDATE_PRODUCT = YES;
			};
			name = Release;
		};
		F431D9902FDBDD3E00C77928 /* Debug */ = {
			isa = XCBuildConfiguration;
			buildSettings = {
				ASSETCATALOG_COMPILER_APPICON_NAME = AppIcon;
				ASSETCATALOG_COMPILER_GLOBAL_ACCENT_COLOR_NAME = AccentColor;
				CODE_SIGN_ENTITLEMENTS = PasswordManager/PasswordManager.entitlements;
				CODE_SIGN_STYLE = Automatic;
				CURRENT_PROJECT_VERSION = 1;
				DEVELOPMENT_TEAM = K9L6V6797K;
				ENABLE_PREVIEWS = YES;
				GENERATE_INFOPLIST_FILE = YES;
				INFOPLIST_FILE = PasswordManager/Info.plist;
				INFOPLIST_KEY_LSSupportsOpeningDocumentsInPlace = YES;
				INFOPLIST_KEY_UIApplicationSceneManifest_Generation = YES;
				INFOPLIST_KEY_UIApplicationSupportsIndirectInputEvents = YES;
				INFOPLIST_KEY_UILaunchScreen_Generation = YES;
				INFOPLIST_KEY_UISupportedInterfaceOrientations_iPad = "UIInterfaceOrientationPortrait UIInterfaceOrientationPortraitUpsideDown UIInterfaceOrientationLandscapeLeft UIInterfaceOrientationLandscapeRight";
				INFOPLIST_KEY_UISupportedInterfaceOrientations_iPhone = "UIInterfaceOrientationPortrait UIInterfaceOrientationLandscapeLeft UIInterfaceOrientationLandscapeRight";
				LD_RUNPATH_SEARCH_PATHS = (
					"$(inherited)",
					"@executable_path/Frameworks",
				);
				MARKETING_VERSION = 1.0;
				PRODUCT_BUNDLE_IDENTIFIER = com.greenet.PasswordManager;
				PRODUCT_NAME = "$(TARGET_NAME)";
				STRING_CATALOG_GENERATE_SYMBOLS = YES;
				SWIFT_APPROACHABLE_CONCURRENCY = YES;
				SWIFT_DEFAULT_ACTOR_ISOLATION = MainActor;
				SWIFT_EMIT_LOC_STRINGS = YES;
				SWIFT_UPCOMING_FEATURE_MEMBER_IMPORT_VISIBILITY = YES;
				SWIFT_VERSION = 5.0;
				TARGETED_DEVICE_FAMILY = "1,2";
			};
			name = Debug;
		};
		F431D9912FDBDD3E00C77928 /* Release */ = {
			isa = XCBuildConfiguration;
			buildSettings = {
				ASSETCATALOG_COMPILER_APPICON_NAME = AppIcon;
				ASSETCATALOG_COMPILER_GLOBAL_ACCENT_COLOR_NAME = AccentColor;
				CODE_SIGN_ENTITLEMENTS = PasswordManager/PasswordManager.entitlements;
				CODE_SIGN_STYLE = Automatic;
				CURRENT_PROJECT_VERSION = 1;
				DEVELOPMENT_TEAM = K9L6V6797K;
				ENABLE_PREVIEWS = YES;
				GENERATE_INFOPLIST_FILE = YES;
				INFOPLIST_FILE = PasswordManager/Info.plist;
				INFOPLIST_KEY_LSSupportsOpeningDocumentsInPlace = YES;
				INFOPLIST_KEY_UIApplicationSceneManifest_Generation = YES;
				INFOPLIST_KEY_UIApplicationSupportsIndirectInputEvents = YES;
				INFOPLIST_KEY_UILaunchScreen_Generation = YES;
				INFOPLIST_KEY_UISupportedInterfaceOrientations_iPad = "UIInterfaceOrientationPortrait UIInterfaceOrientationPortraitUpsideDown UIInterfaceOrientationLandscapeLeft UIInterfaceOrientationLandscapeRight";
				INFOPLIST_KEY_UISupportedInterfaceOrientations_iPhone = "UIInterfaceOrientationPortrait UIInterfaceOrientationLandscapeLeft UIInterfaceOrientationLandscapeRight";
				LD_RUNPATH_SEARCH_PATHS = (
					"$(inherited)",
					"@executable_path/Frameworks",
				);
				MARKETING_VERSION = 1.0;
				PRODUCT_BUNDLE_IDENTIFIER = com.greenet.PasswordManager;
				PRODUCT_NAME = "$(TARGET_NAME)";
				STRING_CATALOG_GENERATE_SYMBOLS = YES;
				SWIFT_APPROACHABLE_CONCURRENCY = YES;
				SWIFT_DEFAULT_ACTOR_ISOLATION = MainActor;
				SWIFT_EMIT_LOC_STRINGS = YES;
				SWIFT_UPCOMING_FEATURE_MEMBER_IMPORT_VISIBILITY = YES;
				SWIFT_VERSION = 5.0;
				TARGETED_DEVICE_FAMILY = "1,2";
			};
			name = Release;
		};
		F431D9A32FDBDD9700C77928 /* Debug */ = {
			isa = XCBuildConfiguration;
			buildSettings = {
				ASSETCATALOG_COMPILER_APPICON_NAME = AppIcon;
				CODE_SIGN_ENTITLEMENTS = DocumentShareExtension/DocumentShareExtension.entitlements;
				CODE_SIGN_STYLE = Automatic;
				CURRENT_PROJECT_VERSION = 1;
				DEVELOPMENT_TEAM = K9L6V6797K;
				GENERATE_INFOPLIST_FILE = YES;
				INFOPLIST_FILE = DocumentShareExtension/Info.plist;
				INFOPLIST_KEY_CFBundleDisplayName = DocumentShareExtension;
				INFOPLIST_KEY_NSHumanReadableCopyright = "";
				LD_RUNPATH_SEARCH_PATHS = (
					"$(inherited)",
					"@executable_path/Frameworks",
					"@executable_path/../../Frameworks",
				);
				MARKETING_VERSION = 1.0;
				PRODUCT_BUNDLE_IDENTIFIER = com.greenet.PasswordManager.DocumentShareExtension;
				PRODUCT_NAME = "$(TARGET_NAME)";
				SKIP_INSTALL = YES;
				STRING_CATALOG_GENERATE_SYMBOLS = YES;
				SWIFT_APPROACHABLE_CONCURRENCY = YES;
				SWIFT_EMIT_LOC_STRINGS = YES;
				SWIFT_UPCOMING_FEATURE_MEMBER_IMPORT_VISIBILITY = YES;
				SWIFT_VERSION = 5.0;
				TARGETED_DEVICE_FAMILY = "1,2";
			};
			name = Debug;
		};
		F431D9A42FDBDD9700C77928 /* Release */ = {
			isa = XCBuildConfiguration;
			buildSettings = {
				ASSETCATALOG_COMPILER_APPICON_NAME = AppIcon;
				CODE_SIGN_ENTITLEMENTS = DocumentShareExtension/DocumentShareExtension.entitlements;
				CODE_SIGN_STYLE = Automatic;
				CURRENT_PROJECT_VERSION = 1;
				DEVELOPMENT_TEAM = K9L6V6797K;
				GENERATE_INFOPLIST_FILE = YES;
				INFOPLIST_FILE = DocumentShareExtension/Info.plist;
				INFOPLIST_KEY_CFBundleDisplayName = DocumentShareExtension;
				INFOPLIST_KEY_NSHumanReadableCopyright = "";
				LD_RUNPATH_SEARCH_PATHS = (
					"$(inherited)",
					"@executable_path/Frameworks",
					"@executable_path/../../Frameworks",
				);
				MARKETING_VERSION = 1.0;
				PRODUCT_BUNDLE_IDENTIFIER = com.greenet.PasswordManager.DocumentShareExtension;
				PRODUCT_NAME = "$(TARGET_NAME)";
				SKIP_INSTALL = YES;
				STRING_CATALOG_GENERATE_SYMBOLS = YES;
				SWIFT_APPROACHABLE_CONCURRENCY = YES;
				SWIFT_EMIT_LOC_STRINGS = YES;
				SWIFT_UPCOMING_FEATURE_MEMBER_IMPORT_VISIBILITY = YES;
				SWIFT_VERSION = 5.0;
				TARGETED_DEVICE_FAMILY = "1,2";
			};
			name = Release;
		};
/* End XCBuildConfiguration section */

/* Begin XCConfigurationList section */
		F431D97F2FDBDD3D00C77928 /* Build configuration list for PBXProject "PasswordManager" */ = {
			isa = XCConfigurationList;
			buildConfigurations = (
				F431D98D2FDBDD3E00C77928 /* Debug */,
				F431D98E2FDBDD3E00C77928 /* Release */,
			);
			defaultConfigurationIsVisible = 0;
			defaultConfigurationName = Release;
		};
		F431D98F2FDBDD3E00C77928 /* Build configuration list for PBXNativeTarget "PasswordManager" */ = {
			isa = XCConfigurationList;
			buildConfigurations = (
				F431D9902FDBDD3E00C77928 /* Debug */,
				F431D9912FDBDD3E00C77928 /* Release */,
			);
			defaultConfigurationIsVisible = 0;
			defaultConfigurationName = Release;
		};
		F431D9A22FDBDD9700C77928 /* Build configuration list for PBXNativeTarget "DocumentShareExtension" */ = {
			isa = XCConfigurationList;
			buildConfigurations = (
				F431D9A32FDBDD9700C77928 /* Debug */,
				F431D9A42FDBDD9700C77928 /* Release */,
			);
			defaultConfigurationIsVisible = 0;
			defaultConfigurationName = Release;
		};
/* End XCConfigurationList section */
	};
	rootObject = F431D97C2FDBDD3D00C77928 /* Project object */;
}
